// !$*UTF8*$!
{
	archiveVersion = 1;
	classes = {
	};
	objectVersion = 50;
	objects = {

/* Begin PBXBuildFile section */
		048C7D98269DF7A000FC0445 /* AppDelegate.swift in Sources */ = {isa = PBXBuildFile; fileRef = 048C7D97269DF7A000FC0445 /* AppDelegate.swift */; };
		048C7D9A269DF7A000FC0445 /* SceneDelegate.swift in Sources */ = {isa = PBXBuildFile; fileRef = 048C7D99269DF7A000FC0445 /* SceneDelegate.swift */; };
		048C7D9C269DF7A000FC0445 /* LoginViewController.swift in Sources */ = {isa = PBXBuildFile; fileRef = 048C7D9B269DF7A000FC0445 /* LoginViewController.swift */; };
		048C7D9F269DF7A000FC0445 /* Main.storyboard in Resources */ = {isa = PBXBuildFile; fileRef = 048C7D9D269DF7A000FC0445 /* Main.storyboard */; };
		048C7DAC269DF83000FC0445 /* WelcomeViewController.swift in Sources */ = {isa = PBXBuildFile; fileRef = 048C7DAB269DF83000FC0445 /* WelcomeViewController.swift */; };
		0493398726A33F9A00040ADD /* Model.swift in Sources */ = {isa = PBXBuildFile; fileRef = 0493398626A33F9A00040ADD /* Model.swift */; };
		0493399526A46F0A00040ADD /* PersonInfoViewController.swift in Sources */ = {isa = PBXBuildFile; fileRef = 0493399426A46F0A00040ADD /* PersonInfoViewController.swift */; };
		0493399726A46F3600040ADD /* VisualInfoViewController.swift in Sources */ = {isa = PBXBuildFile; fileRef = 0493399626A46F3600040ADD /* VisualInfoViewController.swift */; };
		0493399926A4A40400040ADD /* Assets.xcassets in Resources */ = {isa = PBXBuildFile; fileRef = 0493399826A4A40400040ADD /* Assets.xcassets */; };
/* End PBXBuildFile section */

/* Begin PBXFileReference section */
		048C7D94269DF7A000FC0445 /* LoginAppbySeneca.app */ = {isa = PBXFileReference; explicitFileType = wrapper.application; includeInIndex = 0; path = LoginAppbySeneca.app; sourceTree = BUILT_PRODUCTS_DIR; };
		048C7D97269DF7A000FC0445 /* AppDelegate.swift */ = {isa = PBXFileReference; lastKnownFileType = sourcecode.swift; path = AppDelegate.swift; sourceTree = "<group>"; };
		048C7D99269DF7A000FC0445 /* SceneDelegate.swift */ = {isa = PBXFileReference; lastKnownFileType = sourcecode.swift; path = SceneDelegate.swift; sourceTree = "<group>"; };
		048C7D9B269DF7A000FC0445 /* LoginViewController.swift */ = {isa = PBXFileReference; lastKnownFileType = sourcecode.swift; path = LoginViewController.swift; sourceTree = "<group>"; };
		048C7D9E269DF7A000FC0445 /* Base */ = {isa = PBXFileReference; lastKnownFileType = file.storyboard; name = Base; path = Base.lproj/Main.storyboard; sourceTree = "<group>"; };
		048C7DA5269DF7A300FC0445 /* Info.plist */ = {isa = PBXFileReference; lastKnownFileType = text.plist.xml; path = Info.plist; sourceTree = "<group>"; };
		048C7DAB269DF83000FC0445 /* WelcomeViewController.swift */ = {isa = PBXFileReference; lastKnownFileType = sourcecode.swift; path = WelcomeViewController.swift; sourceTree = "<group>"; };
		0493398626A33F9A00040ADD /* Model.swift */ = {isa = PBXFileReference; lastKnownFileType = sourcecode.swift; path = Model.swift; sourceTree = "<group>"; };
		0493399426A46F0A00040ADD /* PersonInfoViewController.swift */ = {isa = PBXFileReference; lastKnownFileType = sourcecode.swift; path = PersonInfoViewController.swift; sourceTree = "<group>"; };
		0493399626A46F3600040ADD /* VisualInfoViewController.swift */ = {isa = PBXFileReference; lastKnownFileType = sourcecode.swift; path = VisualInfoViewController.swift; sourceTree = "<group>"; };
		0493399826A4A40400040ADD /* Assets.xcassets */ = {isa = PBXFileReference; lastKnownFileType = folder.assetcatalog; name = Assets.xcassets; path = ../../../TrafficLights/TrafficLights/Assets.xcassets; sourceTree = "<group>"; };
/* End PBXFileReference section */

/* Begin PBXFrameworksBuildPhase section */
		048C7D91269DF7A000FC0445 /* Frameworks */ = {
			isa = PBXFrameworksBuildPhase;
			buildActionMask = 2147483647;
			files = (
			);
			runOnlyForDeploymentPostprocessing = 0;
		};
/* End PBXFrameworksBuildPhase section */

/* Begin PBXGroup section */
		048C7D8B269DF7A000FC0445 = {
			isa = PBXGroup;
			children = (
				048C7D96269DF7A000FC0445 /* LoginAppbySeneca */,
				048C7D95269DF7A000FC0445 /* Products */,
			);
			sourceTree = "<group>";
		};
		048C7D95269DF7A000FC0445 /* Products */ = {
			isa = PBXGroup;
			children = (
				048C7D94269DF7A000FC0445 /* LoginAppbySeneca.app */,
			);
			name = Products;
			sourceTree = "<group>";
		};
		048C7D96269DF7A000FC0445 /* LoginAppbySeneca */ = {
			isa = PBXGroup;
			children = (
				0493398226A33F2D00040ADD /* ViewControllers */,
				0493398826A33FA800040ADD /* Models */,
				0493398326A33F4700040ADD /* Storyboards */,
				0493398926A33FF100040ADD /* Support */,
				0493399326A3453B00040ADD /* Resources */,
			);
			path = LoginAppbySeneca;
			sourceTree = "<group>";
		};
		0493398226A33F2D00040ADD /* ViewControllers */ = {
			isa = PBXGroup;
			children = (
				048C7D9B269DF7A000FC0445 /* LoginViewController.swift */,
				048C7DAB269DF83000FC0445 /* WelcomeViewController.swift */,
				0493399426A46F0A00040ADD /* PersonInfoViewController.swift */,
				0493399626A46F3600040ADD /* VisualInfoViewController.swift */,
			);
			path = ViewControllers;
			sourceTree = "<group>";
		};
		0493398326A33F4700040ADD /* Storyboards */ = {
			isa = PBXGroup;
			children = (
				048C7D9D269DF7A000FC0445 /* Main.storyboard */,
			);
			path = Storyboards;
			sourceTree = "<group>";
		};
		0493398826A33FA800040ADD /* Models */ = {
			isa = PBXGroup;
			children = (
				0493398626A33F9A00040ADD /* Model.swift */,
			);
			path = Models;
			sourceTree = "<group>";
		};
		0493398926A33FF100040ADD /* Support */ = {
			isa = PBXGroup;
			children = (
				048C7D99269DF7A000FC0445 /* SceneDelegate.swift */,
				048C7D97269DF7A000FC0445 /* AppDelegate.swift */,
				048C7DA5269DF7A300FC0445 /* Info.plist */,
			);
			path = Support;
			sourceTree = "<group>";
		};
		0493399326A3453B00040ADD /* Resources */ = {
			isa = PBXGroup;
			children = (
				0493399826A4A40400040ADD /* Assets.xcassets */,
			);
			path = Resources;
			sourceTree = "<group>";
		};
/* End PBXGroup section */

/* Begin PBXNativeTarget section */
		048C7D93269DF7A000FC0445 /* LoginAppbySeneca */ = {
			isa = PBXNativeTarget;
			buildConfigurationList = 048C7DA8269DF7A300FC0445 /* Build configuration list for PBXNativeTarget "LoginAppbySeneca" */;
			buildPhases = (
				048C7D90269DF7A000FC0445 /* Sources */,
				048C7D91269DF7A000FC0445 /* Frameworks */,
				048C7D92269DF7A000FC0445 /* Resources */,
			);
			buildRules = (
			);
			dependencies = (
			);
			name = LoginAppbySeneca;
			productName = LoginAppbySeneca;
			productReference = 048C7D94269DF7A000FC0445 /* LoginAppbySeneca.app */;
			productType = "com.apple.product-type.application";
		};
/* End PBXNativeTarget section */

/* Begin PBXProject section */
		048C7D8C269DF7A000FC0445 /* Project object */ = {
			isa = PBXProject;
			attributes = {
				LastSwiftUpdateCheck = 1250;
				LastUpgradeCheck = 1250;
				TargetAttributes = {
					048C7D93269DF7A000FC0445 = {
						CreatedOnToolsVersion = 12.5.1;
					};
				};
			};
			buildConfigurationList = 048C7D8F269DF7A000FC0445 /* Build configuration list for PBXProject "LoginAppbySeneca" */;
			compatibilityVersion = "Xcode 9.3";
			developmentRegion = en;
			hasScannedForEncodings = 0;
			knownRegions = (
				en,
				Base,
			);
			mainGroup = 048C7D8B269DF7A000FC0445;
			productRefGroup = 048C7D95269DF7A000FC0445 /* Products */;
			projectDirPath = "";
			projectRoot = "";
			targets = (
				048C7D93269DF7A000FC0445 /* LoginAppbySeneca */,
			);
		};
/* End PBXProject section */

/* Begin PBXResourcesBuildPhase section */
		048C7D92269DF7A000FC0445 /* Resources */ = {
			isa = PBXResourcesBuildPhase;
			buildActionMask = 2147483647;
			files = (
				0493399926A4A40400040ADD /* Assets.xcassets in Resources */,
				048C7D9F269DF7A000FC0445 /* Main.storyboard in Resources */,
			);
			runOnlyForDeploymentPostprocessing = 0;
		};
/* End PBXResourcesBuildPhase section */

/* Begin PBXSourcesBuildPhase section */
		048C7D90269DF7A000FC0445 /* Sources */ = {
			isa = PBXSourcesBuildPhase;
			buildActionMask = 2147483647;
			files = (
				0493399726A46F3600040ADD /* VisualInfoViewController.swift in Sources */,
				0493398726A33F9A00040ADD /* Model.swift in Sources */,
				0493399526A46F0A00040ADD /* PersonInfoViewController.swift in Sources */,
				048C7D9C269DF7A000FC0445 /* LoginViewController.swift in Sources */,
				048C7DAC269DF83000FC0445 /* WelcomeViewController.swift in Sources */,
				048C7D98269DF7A000FC0445 /* AppDelegate.swift in Sources */,
				048C7D9A269DF7A000FC0445 /* SceneDelegate.swift in Sources */,
			);
			runOnlyForDeploymentPostprocessing = 0;
		};
/* End PBXSourcesBuildPhase section */

/* Begin PBXVariantGroup section */
		048C7D9D269DF7A000FC0445 /* Main.storyboard */ = {
			isa = PBXVariantGroup;
			children = (
				048C7D9E269DF7A000FC0445 /* Base */,
			);
			name = Main.storyboard;
			sourceTree = "<group>";
		};
/* End PBXVariantGroup section */

/* Begin XCBuildConfiguration section */
		048C7DA6269DF7A300FC0445 /* Debug */ = {
			isa = XCBuildConfiguration;
			buildSettings = {
				ALWAYS_SEARCH_USER_PATHS = NO;
				CLANG_ANALYZER_NONNULL = YES;
				CLANG_ANALYZER_NUMBER_OBJECT_CONVERSION = YES_AGGRESSIVE;
				CLANG_CXX_LANGUAGE_STANDARD = "gnu++14";
				CLANG_CXX_LIBRARY = "libc++";
				CLANG_ENABLE_MODULES = YES;
				CLANG_ENABLE_OBJC_ARC = YES;
				CLANG_ENABLE_OBJC_WEAK = YES;
				CLANG_WARN_BLOCK_CAPTURE_AUTORELEASING = YES;
				CLANG_WARN_BOOL_CONVERSION = YES;
				CLANG_WARN_COMMA = YES;
				CLANG_WARN_CONSTANT_CONVERSION = YES;
				CLANG_WARN_DEPRECATED_OBJC_IMPLEMENTATIONS = YES;
				CLANG_WARN_DIRECT_OBJC_ISA_USAGE = YES_ERROR;
				CLANG_WARN_DOCUMENTATION_COMMENTS = YES;
				CLANG_WARN_EMPTY_BODY = YES;
				CLANG_WARN_ENUM_CONVERSION = YES;
				CLANG_WARN_INFINITE_RECURSION = YES;
				CLANG_WARN_INT_CONVERSION = YES;
				CLANG_WARN_NON_LITERAL_NULL_CONVERSION = YES;
				CLANG_WARN_OBJC_IMPLICIT_RETAIN_SELF = YES;
				CLANG_WARN_OBJC_LITERAL_CONVERSION = YES;
				CLANG_WARN_OBJC_ROOT_CLASS = YES_ERROR;
				CLANG_WARN_QUOTED_INCLUDE_IN_FRAMEWORK_HEADER = YES;
				CLANG_WARN_RANGE_LOOP_ANALYSIS = YES;
				CLANG_WARN_STRICT_PROTOTYPES = YES;
				CLANG_WARN_SUSPICIOUS_MOVE = YES;
				CLANG_WARN_UNGUARDED_AVAILABILITY = YES_AGGRESSIVE;
				CLANG_WARN_UNREACHABLE_CODE = YES;
				CLANG_WARN__DUPLICATE_METHOD_MATCH = YES;
				COPY_PHASE_STRIP = NO;
				DEBUG_INFORMATION_FORMAT = dwarf;
				ENABLE_STRICT_OBJC_MSGSEND = YES;
				ENABLE_TESTABILITY = YES;
				GCC_C_LANGUAGE_STANDARD = gnu11;
				GCC_DYNAMIC_NO_PIC = NO;
				GCC_NO_COMMON_BLOCKS = YES;
				GCC_OPTIMIZATION_LEVEL = 0;
				GCC_PREPROCESSOR_DEFINITIONS = (
					"DEBUG=1",
					"$(inherited)",
				);
				GCC_WARN_64_TO_32_BIT_CONVERSION = YES;
				GCC_WARN_ABOUT_RETURN_TYPE = YES_ERROR;
				GCC_WARN_UNDECLARED_SELECTOR = YES;
				GCC_WARN_UNINITIALIZED_AUTOS = YES_AGGRESSIVE;
				GCC_WARN_UNUSED_FUNCTION = YES;
				GCC_WARN_UNUSED_VARIABLE = YES;
				IPHONEOS_DEPLOYMENT_TARGET = 14.5;
				MTL_ENABLE_DEBUG_INFO = INCLUDE_SOURCE;
				MTL_FAST_MATH = YES;
				ONLY_ACTIVE_ARCH = YES;
				SDKROOT = iphoneos;
				SWIFT_ACTIVE_COMPILATION_CONDITIONS = DEBUG;
				SWIFT_OPTIMIZATION_LEVEL = "-Onone";
			};
			name = Debug;
		};
		048C7DA7269DF7A300FC0445 /* Release */ = {
			isa = XCBuildConfiguration;
			buildSettings = {
				ALWAYS_SEARCH_USER_PATHS = NO;
				CLANG_ANALYZER_NONNULL = YES;
				CLANG_ANALYZER_NUMBER_OBJECT_CONVERSION = YES_AGGRESSIVE;
				CLANG_CXX_LANGUAGE_STANDARD = "gnu++14";
				CLANG_CXX_LIBRARY = "libc++";
				CLANG_ENABLE_MODULES = YES;
				CLANG_ENABLE_OBJC_ARC = YES;
				CLANG_ENABLE_OBJC_WEAK = YES;
				CLANG_WARN_BLOCK_CAPTURE_AUTORELEASING = YES;
				CLANG_WARN_BOOL_CONVERSION = YES;
				CLANG_WARN_COMMA = YES;
				CLANG_WARN_CONSTANT_CONVERSION = YES;
				CLANG_WARN_DEPRECATED_OBJC_IMPLEMENTATIONS = YES;
				CLANG_WARN_DIRECT_OBJC_ISA_USAGE = YES_ERROR;
				CLANG_WARN_DOCUMENTATION_COMMENTS = YES;
				CLANG_WARN_EMPTY_BODY = YES;
				CLANG_WARN_ENUM_CONVERSION = YES;
				CLANG_WARN_INFINITE_RECURSION = YES;
				CLANG_WARN_INT_CONVERSION = YES;
				CLANG_WARN_NON_LITERAL_NULL_CONVERSION = YES;
				CLANG_WARN_OBJC_IMPLICIT_RETAIN_SELF = YES;
				CLANG_WARN_OBJC_LITERAL_CONVERSION = YES;
				CLANG_WARN_OBJC_ROOT_CLASS = YES_ERROR;
				CLANG_WARN_QUOTED_INCLUDE_IN_FRAMEWORK_HEADER = YES;
				CLANG_WARN_RANGE_LOOP_ANALYSIS = YES;
				CLANG_WARN_STRICT_PROTOTYPES = YES;
				CLANG_WARN_SUSPICIOUS_MOVE = YES;
				CLANG_WARN_UNGUARDED_AVAILABILITY = YES_AGGRESSIVE;
				CLANG_WARN_UNREACHABLE_CODE = YES;
				CLANG_WARN__DUPLICATE_METHOD_MATCH = YES;
				COPY_PHASE_STRIP = NO;
				DEBUG_INFORMATION_FORMAT = "dwarf-with-dsym";
				ENABLE_NS_ASSERTIONS = NO;
				ENABLE_STRICT_OBJC_MSGSEND = YES;
				GCC_C_LANGUAGE_STANDARD = gnu11;
				GCC_NO_COMMON_BLOCKS = YES;
				GCC_WARN_64_TO_32_BIT_CONVERSION = YES;
				GCC_WARN_ABOUT_RETURN_TYPE = YES_ERROR;
				GCC_WARN_UNDECLARED_SELECTOR = YES;
				GCC_WARN_UNINITIALIZED_AUTOS = YES_AGGRESSIVE;
				GCC_WARN_UNUSED_FUNCTION = YES;
				GCC_WARN_UNUSED_VARIABLE = YES;
				IPHONEOS_DEPLOYMENT_TARGET = 14.5;
				MTL_ENABLE_DEBUG_INFO = NO;
				MTL_FAST_MATH = YES;
				SDKROOT = iphoneos;
				SWIFT_COMPILATION_MODE = wholemodule;
				SWIFT_OPTIMIZATION_LEVEL = "-O";
				VALIDATE_PRODUCT = YES;
			};
			name = Release;
		};
		048C7DA9269DF7A300FC0445 /* Debug */ = {
			isa = XCBuildConfiguration;
			buildSettings = {
				ASSETCATALOG_COMPILER_APPICON_NAME = AppIcon;
				ASSETCATALOG_COMPILER_GLOBAL_ACCENT_COLOR_NAME = AccentColor;
				CODE_SIGN_STYLE = Automatic;
				INFOPLIST_FILE = LoginAppbySeneca/Support/Info.plist;
				LD_RUNPATH_SEARCH_PATHS = (
					"$(inherited)",
					"@executable_path/Frameworks",
				);
				PRODUCT_BUNDLE_IDENTIFIER = Seneca242.LoginAppbySeneca;
				PRODUCT_NAME = "$(TARGET_NAME)";
				SWIFT_VERSION = 5.0;
				TARGETED_DEVICE_FAMILY = "1,2";
			};
			name = Debug;
		};
		048C7DAA269DF7A300FC0445 /* Release */ = {
			isa = XCBuildConfiguration;
			buildSettings = {
				ASSETCATALOG_COMPILER_APPICON_NAME = AppIcon;
				ASSETCATALOG_COMPILER_GLOBAL_ACCENT_COLOR_NAME = AccentColor;
				CODE_SIGN_STYLE = Automatic;
				INFOPLIST_FILE = LoginAppbySeneca/Support/Info.plist;
				LD_RUNPATH_SEARCH_PATHS = (
					"$(inherited)",
					"@executable_path/Frameworks",
				);
				PRODUCT_BUNDLE_IDENTIFIER = Seneca242.LoginAppbySeneca;
				PRODUCT_NAME = "$(TARGET_NAME)";
				SWIFT_VERSION = 5.0;
				TARGETED_DEVICE_FAMILY = "1,2";
			};
			name = Release;
		};
/* End XCBuildConfiguration section */

/* Begin XCConfigurationList section */
		048C7D8F269DF7A000FC0445 /* Build configuration list for PBXProject "LoginAppbySeneca" */ = {
			isa = XCConfigurationList;
			buildConfigurations = (
				048C7DA6269DF7A300FC0445 /* Debug */,
				048C7DA7269DF7A300FC0445 /* Release */,
			);
			defaultConfigurationIsVisible = 0;
			defaultConfigurationName = Release;
		};
		048C7DA8269DF7A300FC0445 /* Build configuration list for PBXNativeTarget "LoginAppbySeneca" */ = {
			isa = XCConfigurationList;
			buildConfigurations = (
				048C7DA9269DF7A300FC0445 /* Debug */,
				048C7DAA269DF7A300FC0445 /* Release */,
			);
			defaultConfigurationIsVisible = 0;
			defaultConfigurationName = Release;
		};
/* End XCConfigurationList section */
	};
	rootObject = 048C7D8C269DF7A000FC0445 /* Project object */;
}
